// !$*UTF8*$!
{
	archiveVersion = 1;
	classes = {
	};
	objectVersion = 56;
	objects = {

/* Begin PBXBuildFile section */
		6F5276AA2A935BEA00FB10B7 /* LoginVC.swift in Sources */ = {isa = PBXBuildFile; fileRef = 6F5276A92A935BEA00FB10B7 /* LoginVC.swift */; };
		6F5276AC2A939D9300FB10B7 /* Target_Login.swift in Sources */ = {isa = PBXBuildFile; fileRef = 6F5276AB2A939D9300FB10B7 /* Target_Login.swift */; };
		6F5276AE2A9458A700FB10B7 /* CTMediator+Login.swift in Sources */ = {isa = PBXBuildFile; fileRef = 6F5276AD2A9458A700FB10B7 /* CTMediator+Login.swift */; };
		6F89E31B2A93526100420F1D /* AppDelegate.swift in Sources */ = {isa = PBXBuildFile; fileRef = 6F89E31A2A93526100420F1D /* AppDelegate.swift */; };
		6F89E31D2A93526100420F1D /* SceneDelegate.swift in Sources */ = {isa = PBXBuildFile; fileRef = 6F89E31C2A93526100420F1D /* SceneDelegate.swift */; };
		6F89E31F2A93526100420F1D /* ViewController.swift in Sources */ = {isa = PBXBuildFile; fileRef = 6F89E31E2A93526100420F1D /* ViewController.swift */; };
		6F89E3222A93526100420F1D /* Main.storyboard in Resources */ = {isa = PBXBuildFile; fileRef = 6F89E3202A93526100420F1D /* Main.storyboard */; };
		6F89E3242A93526400420F1D /* Assets.xcassets in Resources */ = {isa = PBXBuildFile; fileRef = 6F89E3232A93526400420F1D /* Assets.xcassets */; };
		6F89E3272A93526400420F1D /* LaunchScreen.storyboard in Resources */ = {isa = PBXBuildFile; fileRef = 6F89E3252A93526400420F1D /* LaunchScreen.storyboard */; };
		6FA6EA602A95DC590049DD57 /* MessageVC.swift in Sources */ = {isa = PBXBuildFile; fileRef = 6FA6EA5F2A95DC590049DD57 /* MessageVC.swift */; };
		6FA6EA622A95DD860049DD57 /* Target_Message.swift in Sources */ = {isa = PBXBuildFile; fileRef = 6FA6EA612A95DD860049DD57 /* Target_Message.swift */; };
		6FA6EA642A96FB050049DD57 /* RxSwiftVC.swift in Sources */ = {isa = PBXBuildFile; fileRef = 6FA6EA632A96FB050049DD57 /* RxSwiftVC.swift */; };
		6FA6EA672A96FD900049DD57 /* Target_RxSwiftModule.swift in Sources */ = {isa = PBXBuildFile; fileRef = 6FA6EA662A96FD900049DD57 /* Target_RxSwiftModule.swift */; };
		6FA6EA6A2A98B5670049DD57 /* MVVMViewController.swift in Sources */ = {isa = PBXBuildFile; fileRef = 6FA6EA692A98B5670049DD57 /* MVVMViewController.swift */; };
		6FA6EA6C2A98B57E0049DD57 /* MVVMModel.swift in Sources */ = {isa = PBXBuildFile; fileRef = 6FA6EA6B2A98B57E0049DD57 /* MVVMModel.swift */; };
		6FA6EA6E2A98B58F0049DD57 /* MVVMViewModel.swift in Sources */ = {isa = PBXBuildFile; fileRef = 6FA6EA6D2A98B58F0049DD57 /* MVVMViewModel.swift */; };
		9F9554CB4AB92F254F0C4C4F /* Pods_CTMediatorDemo.framework in Frameworks */ = {isa = PBXBuildFile; fileRef = 6829B5506B1F3E473EFE5454 /* Pods_CTMediatorDemo.framework */; };
/* End PBXBuildFile section */

/* Begin PBXFileReference section */
		6829B5506B1F3E473EFE5454 /* Pods_CTMediatorDemo.framework */ = {isa = PBXFileReference; explicitFileType = wrapper.framework; includeInIndex = 0; path = Pods_CTMediatorDemo.framework; sourceTree = BUILT_PRODUCTS_DIR; };
		6F5276A92A935BEA00FB10B7 /* LoginVC.swift */ = {isa = PBXFileReference; lastKnownFileType = sourcecode.swift; path = LoginVC.swift; sourceTree = "<group>"; };
		6F5276AB2A939D9300FB10B7 /* Target_Login.swift */ = {isa = PBXFileReference; lastKnownFileType = sourcecode.swift; path = Target_Login.swift; sourceTree = "<group>"; };
		6F5276AD2A9458A700FB10B7 /* CTMediator+Login.swift */ = {isa = PBXFileReference; lastKnownFileType = sourcecode.swift; path = "CTMediator+Login.swift"; sourceTree = "<group>"; };
		6F89E3172A93526100420F1D /* CTMediatorDemo.app */ = {isa = PBXFileReference; explicitFileType = wrapper.application; includeInIndex = 0; path = CTMediatorDemo.app; sourceTree = BUILT_PRODUCTS_DIR; };
		6F89E31A2A93526100420F1D /* AppDelegate.swift */ = {isa = PBXFileReference; lastKnownFileType = sourcecode.swift; path = AppDelegate.swift; sourceTree = "<group>"; };
		6F89E31C2A93526100420F1D /* SceneDelegate.swift */ = {isa = PBXFileReference; lastKnownFileType = sourcecode.swift; path = SceneDelegate.swift; sourceTree = "<group>"; };
		6F89E31E2A93526100420F1D /* ViewController.swift */ = {isa = PBXFileReference; lastKnownFileType = sourcecode.swift; path = ViewController.swift; sourceTree = "<group>"; };
		6F89E3212A93526100420F1D /* Base */ = {isa = PBXFileReference; lastKnownFileType = file.storyboard; name = Base; path = Base.lproj/Main.storyboard; sourceTree = "<group>"; };
		6F89E3232A93526400420F1D /* Assets.xcassets */ = {isa = PBXFileReference; lastKnownFileType = folder.assetcatalog; path = Assets.xcassets; sourceTree = "<group>"; };
		6F89E3262A93526400420F1D /* Base */ = {isa = PBXFileReference; lastKnownFileType = file.storyboard; name = Base; path = Base.lproj/LaunchScreen.storyboard; sourceTree = "<group>"; };
		6F89E3282A93526400420F1D /* Info.plist */ = {isa = PBXFileReference; lastKnownFileType = text.plist.xml; path = Info.plist; sourceTree = "<group>"; };
		6FA6EA5F2A95DC590049DD57 /* MessageVC.swift */ = {isa = PBXFileReference; lastKnownFileType = sourcecode.swift; path = MessageVC.swift; sourceTree = "<group>"; };
		6FA6EA612A95DD860049DD57 /* Target_Message.swift */ = {isa = PBXFileReference; lastKnownFileType = sourcecode.swift; path = Target_Message.swift; sourceTree = "<group>"; };
		6FA6EA632A96FB050049DD57 /* RxSwiftVC.swift */ = {isa = PBXFileReference; lastKnownFileType = sourcecode.swift; path = RxSwiftVC.swift; sourceTree = "<group>"; };
		6FA6EA662A96FD900049DD57 /* Target_RxSwiftModule.swift */ = {isa = PBXFileReference; lastKnownFileType = sourcecode.swift; path = Target_RxSwiftModule.swift; sourceTree = "<group>"; };
		6FA6EA692A98B5670049DD57 /* MVVMViewController.swift */ = {isa = PBXFileReference; lastKnownFileType = sourcecode.swift; path = MVVMViewController.swift; sourceTree = "<group>"; };
		6FA6EA6B2A98B57E0049DD57 /* MVVMModel.swift */ = {isa = PBXFileReference; lastKnownFileType = sourcecode.swift; path = MVVMModel.swift; sourceTree = "<group>"; };
		6FA6EA6D2A98B58F0049DD57 /* MVVMViewModel.swift */ = {isa = PBXFileReference; lastKnownFileType = sourcecode.swift; path = MVVMViewModel.swift; sourceTree = "<group>"; };
		911BD0F2E040E2D2B483F187 /* Pods-CTMediatorDemo.debug.xcconfig */ = {isa = PBXFileReference; includeInIndex = 1; lastKnownFileType = text.xcconfig; name = "Pods-CTMediatorDemo.debug.xcconfig"; path = "Target Support Files/Pods-CTMediatorDemo/Pods-CTMediatorDemo.debug.xcconfig"; sourceTree = "<group>"; };
		AE4E9438F791AB545425BD30 /* Pods-CTMediatorDemo.release.xcconfig */ = {isa = PBXFileReference; includeInIndex = 1; lastKnownFileType = text.xcconfig; name = "Pods-CTMediatorDemo.release.xcconfig"; path = "Target Support Files/Pods-CTMediatorDemo/Pods-CTMediatorDemo.release.xcconfig"; sourceTree = "<group>"; };
/* End PBXFileReference section */

/* Begin PBXFrameworksBuildPhase section */
		6F89E3142A93526100420F1D /* Frameworks */ = {
			isa = PBXFrameworksBuildPhase;
			buildActionMask = 2147483647;
			files = (
				9F9554CB4AB92F254F0C4C4F /* Pods_CTMediatorDemo.framework in Frameworks */,
			);
			runOnlyForDeploymentPostprocessing = 0;
		};
/* End PBXFrameworksBuildPhase section */

/* Begin PBXGroup section */
		6F5276A62A935B8C00FB10B7 /* Login */ = {
			isa = PBXGroup;
			children = (
				6F5276A92A935BEA00FB10B7 /* LoginVC.swift */,
				6F5276AB2A939D9300FB10B7 /* Target_Login.swift */,
				6F5276AD2A9458A700FB10B7 /* CTMediator+Login.swift */,
			);
			path = Login;
			sourceTree = "<group>";
		};
		6F89E30E2A93526100420F1D = {
			isa = PBXGroup;
			children = (
				6FA6EA652A96FD050049DD57 /* RxSwiftModule */,
				6FA6EA5E2A95DC1E0049DD57 /* Message */,
				6F5276A62A935B8C00FB10B7 /* Login */,
				6F89E3192A93526100420F1D /* CTMediatorDemo */,
				6F89E3182A93526100420F1D /* Products */,
				C670561FC23AAB5ED59753C5 /* Pods */,
				EA5A78455FFAD7E60CFD7527 /* Frameworks */,
			);
			sourceTree = "<group>";
		};
		6F89E3182A93526100420F1D /* Products */ = {
			isa = PBXGroup;
			children = (
				6F89E3172A93526100420F1D /* CTMediatorDemo.app */,
			);
			name = Products;
			sourceTree = "<group>";
		};
		6F89E3192A93526100420F1D /* CTMediatorDemo */ = {
			isa = PBXGroup;
			children = (
				6F89E31A2A93526100420F1D /* AppDelegate.swift */,
				6F89E31C2A93526100420F1D /* SceneDelegate.swift */,
				6F89E31E2A93526100420F1D /* ViewController.swift */,
				6F89E3202A93526100420F1D /* Main.storyboard */,
				6F89E3232A93526400420F1D /* Assets.xcassets */,
				6F89E3252A93526400420F1D /* LaunchScreen.storyboard */,
				6F89E3282A93526400420F1D /* Info.plist */,
			);
			path = CTMediatorDemo;
			sourceTree = "<group>";
		};
		6FA6EA5E2A95DC1E0049DD57 /* Message */ = {
			isa = PBXGroup;
			children = (
				6FA6EA5F2A95DC590049DD57 /* MessageVC.swift */,
				6FA6EA612A95DD860049DD57 /* Target_Message.swift */,
			);
			path = Message;
			sourceTree = "<group>";
		};
		6FA6EA652A96FD050049DD57 /* RxSwiftModule */ = {
			isa = PBXGroup;
			children = (
				6FA6EA682A98B53A0049DD57 /* MVVM */,
				6FA6EA632A96FB050049DD57 /* RxSwiftVC.swift */,
				6FA6EA662A96FD900049DD57 /* Target_RxSwiftModule.swift */,
			);
			path = RxSwiftModule;
			sourceTree = "<group>";
		};
		6FA6EA682A98B53A0049DD57 /* MVVM */ = {
			isa = PBXGroup;
			children = (
				6FA6EA692A98B5670049DD57 /* MVVMViewController.swift */,
				6FA6EA6B2A98B57E0049DD57 /* MVVMModel.swift */,
				6FA6EA6D2A98B58F0049DD57 /* MVVMViewModel.swift */,
			);
			path = MVVM;
			sourceTree = "<group>";
		};
		C670561FC23AAB5ED59753C5 /* Pods */ = {
			isa = PBXGroup;
			children = (
				911BD0F2E040E2D2B483F187 /* Pods-CTMediatorDemo.debug.xcconfig */,
				AE4E9438F791AB545425BD30 /* Pods-CTMediatorDemo.release.xcconfig */,
			);
			path = Pods;
			sourceTree = "<group>";
		};
		EA5A78455FFAD7E60CFD7527 /* Frameworks */ = {
			isa = PBXGroup;
			children = (
				6829B5506B1F3E473EFE5454 /* Pods_CTMediatorDemo.framework */,
			);
			name = Frameworks;
			sourceTree = "<group>";
		};
/* End PBXGroup section */

/* Begin PBXNativeTarget section */
		6F89E3162A93526100420F1D /* CTMediatorDemo */ = {
			isa = PBXNativeTarget;
			buildConfigurationList = 6F89E32B2A93526400420F1D /* Build configuration list for PBXNativeTarget "CTMediatorDemo" */;
			buildPhases = (
				090D49B80E05E1D1BBCB3457 /* [CP] Check Pods Manifest.lock */,
				6F89E3132A93526100420F1D /* Sources */,
				6F89E3142A93526100420F1D /* Frameworks */,
				6F89E3152A93526100420F1D /* Resources */,
				91FD61C70421A480CF7F083D /* [CP] Embed Pods Frameworks */,
			);
			buildRules = (
			);
			dependencies = (
			);
			name = CTMediatorDemo;
			productName = CTMediatorDemo;
			productReference = 6F89E3172A93526100420F1D /* CTMediatorDemo.app */;
			productType = "com.apple.product-type.application";
		};
/* End PBXNativeTarget section */

/* Begin PBXProject section */
		6F89E30F2A93526100420F1D /* Project object */ = {
			isa = PBXProject;
			attributes = {
				BuildIndependentTargetsInParallel = 1;
				LastSwiftUpdateCheck = 1430;
				LastUpgradeCheck = 1430;
				TargetAttributes = {
					6F89E3162A93526100420F1D = {
						CreatedOnToolsVersion = 14.3;
					};
				};
			};
			buildConfigurationList = 6F89E3122A93526100420F1D /* Build configuration list for PBXProject "CTMediatorDemo" */;
			compatibilityVersion = "Xcode 14.0";
			developmentRegion = en;
			hasScannedForEncodings = 0;
			knownRegions = (
				en,
				Base,
			);
			mainGroup = 6F89E30E2A93526100420F1D;
			productRefGroup = 6F89E3182A93526100420F1D /* Products */;
			projectDirPath = "";
			projectRoot = "";
			targets = (
				6F89E3162A93526100420F1D /* CTMediatorDemo */,
			);
		};
/* End PBXProject section */

/* Begin PBXResourcesBuildPhase section */
		6F89E3152A93526100420F1D /* Resources */ = {
			isa = PBXResourcesBuildPhase;
			buildActionMask = 2147483647;
			files = (
				6F89E3272A93526400420F1D /* LaunchScreen.storyboard in Resources */,
				6F89E3242A93526400420F1D /* Assets.xcassets in Resources */,
				6F89E3222A93526100420F1D /* Main.storyboard in Resources */,
			);
			runOnlyForDeploymentPostprocessing = 0;
		};
/* End PBXResourcesBuildPhase section */

/* Begin PBXShellScriptBuildPhase section */
		090D49B80E05E1D1BBCB3457 /* [CP] Check Pods Manifest.lock */ = {
			isa = PBXShellScriptBuildPhase;
			buildActionMask = 2147483647;
			files = (
			);
			inputFileListPaths = (
			);
			inputPaths = (
				"${PODS_PODFILE_DIR_PATH}/Podfile.lock",
				"${PODS_ROOT}/Manifest.lock",
			);
			name = "[CP] Check Pods Manifest.lock";
			outputFileListPaths = (
			);
			outputPaths = (
				"$(DERIVED_FILE_DIR)/Pods-CTMediatorDemo-checkManifestLockResult.txt",
			);
			runOnlyForDeploymentPostprocessing = 0;
			shellPath = /bin/sh;
			shellScript = "diff \"${PODS_PODFILE_DIR_PATH}/Podfile.lock\" \"${PODS_ROOT}/Manifest.lock\" > /dev/null\nif [ $? != 0 ] ; then\n    # print error to STDERR\n    echo \"error: The sandbox is not in sync with the Podfile.lock. Run 'pod install' or update your CocoaPods installation.\" >&2\n    exit 1\nfi\n# This output is used by Xcode 'outputs' to avoid re-running this script phase.\necho \"SUCCESS\" > \"${SCRIPT_OUTPUT_FILE_0}\"\n";
			showEnvVarsInLog = 0;
		};
		91FD61C70421A480CF7F083D /* [CP] Embed Pods Frameworks */ = {
			isa = PBXShellScriptBuildPhase;
			buildActionMask = 2147483647;
			files = (
			);
			inputFileListPaths = (
				"${PODS_ROOT}/Target Support Files/Pods-CTMediatorDemo/Pods-CTMediatorDemo-frameworks-${CONFIGURATION}-input-files.xcfilelist",
			);
			name = "[CP] Embed Pods Frameworks";
			outputFileListPaths = (
				"${PODS_ROOT}/Target Support Files/Pods-CTMediatorDemo/Pods-CTMediatorDemo-frameworks-${CONFIGURATION}-output-files.xcfilelist",
			);
			runOnlyForDeploymentPostprocessing = 0;
			shellPath = /bin/sh;
			shellScript = "\"${PODS_ROOT}/Target Support Files/Pods-CTMediatorDemo/Pods-CTMediatorDemo-frameworks.sh\"\n";
			showEnvVarsInLog = 0;
		};
/* End PBXShellScriptBuildPhase section */

/* Begin PBXSourcesBuildPhase section */
		6F89E3132A93526100420F1D /* Sources */ = {
			isa = PBXSourcesBuildPhase;
			buildActionMask = 2147483647;
			files = (
				6FA6EA672A96FD900049DD57 /* Target_RxSwiftModule.swift in Sources */,
				6FA6EA6E2A98B58F0049DD57 /* MVVMViewModel.swift in Sources */,
				6F89E31F2A93526100420F1D /* ViewController.swift in Sources */,
				6F89E31B2A93526100420F1D /* AppDelegate.swift in Sources */,
				6FA6EA622A95DD860049DD57 /* Target_Message.swift in Sources */,
				6F5276AA2A935BEA00FB10B7 /* LoginVC.swift in Sources */,
				6FA6EA6C2A98B57E0049DD57 /* MVVMModel.swift in Sources */,
				6F89E31D2A93526100420F1D /* SceneDelegate.swift in Sources */,
				6FA6EA6A2A98B5670049DD57 /* MVVMViewController.swift in Sources */,
				6FA6EA642A96FB050049DD57 /* RxSwiftVC.swift in Sources */,
				6FA6EA602A95DC590049DD57 /* MessageVC.swift in Sources */,
				6F5276AC2A939D9300FB10B7 /* Target_Login.swift in Sources */,
				6F5276AE2A9458A700FB10B7 /* CTMediator+Login.swift in Sources */,
			);
			runOnlyForDeploymentPostprocessing = 0;
		};
/* End PBXSourcesBuildPhase section */

/* Begin PBXVariantGroup section */
		6F89E3202A93526100420F1D /* Main.storyboard */ = {
			isa = PBXVariantGroup;
			children = (
				6F89E3212A93526100420F1D /* Base */,
			);
			name = Main.storyboard;
			sourceTree = "<group>";
		};
		6F89E3252A93526400420F1D /* LaunchScreen.storyboard */ = {
			isa = PBXVariantGroup;
			children = (
				6F89E3262A93526400420F1D /* Base */,
			);
			name = LaunchScreen.storyboard;
			sourceTree = "<group>";
		};
/* End PBXVariantGroup section */

/* Begin XCBuildConfiguration section */
		6F89E3292A93526400420F1D /* Debug */ = {
			isa = XCBuildConfiguration;
			buildSettings = {
				ALWAYS_SEARCH_USER_PATHS = NO;
				CLANG_ANALYZER_NONNULL = YES;
				CLANG_ANALYZER_NUMBER_OBJECT_CONVERSION = YES_AGGRESSIVE;
				CLANG_CXX_LANGUAGE_STANDARD = "gnu++20";
				CLANG_ENABLE_MODULES = YES;
				CLANG_ENABLE_OBJC_ARC = YES;
				CLANG_ENABLE_OBJC_WEAK = YES;
				CLANG_WARN_BLOCK_CAPTURE_AUTORELEASING = YES;
				CLANG_WARN_BOOL_CONVERSION = YES;
				CLANG_WARN_COMMA = YES;
				CLANG_WARN_CONSTANT_CONVERSION = YES;
				CLANG_WARN_DEPRECATED_OBJC_IMPLEMENTATIONS = YES;
				CLANG_WARN_DIRECT_OBJC_ISA_USAGE = YES_ERROR;
				CLANG_WARN_DOCUMENTATION_COMMENTS = YES;
				CLANG_WARN_EMPTY_BODY = YES;
				CLANG_WARN_ENUM_CONVERSION = YES;
				CLANG_WARN_INFINITE_RECURSION = YES;
				CLANG_WARN_INT_CONVERSION = YES;
				CLANG_WARN_NON_LITERAL_NULL_CONVERSION = YES;
				CLANG_WARN_OBJC_IMPLICIT_RETAIN_SELF = YES;
				CLANG_WARN_OBJC_LITERAL_CONVERSION = YES;
				CLANG_WARN_OBJC_ROOT_CLASS = YES_ERROR;
				CLANG_WARN_QUOTED_INCLUDE_IN_FRAMEWORK_HEADER = YES;
				CLANG_WARN_RANGE_LOOP_ANALYSIS = YES;
				CLANG_WARN_STRICT_PROTOTYPES = YES;
				CLANG_WARN_SUSPICIOUS_MOVE = YES;
				CLANG_WARN_UNGUARDED_AVAILABILITY = YES_AGGRESSIVE;
				CLANG_WARN_UNREACHABLE_CODE = YES;
				CLANG_WARN__DUPLICATE_METHOD_MATCH = YES;
				COPY_PHASE_STRIP = NO;
				DEBUG_INFORMATION_FORMAT = dwarf;
				ENABLE_STRICT_OBJC_MSGSEND = YES;
				ENABLE_TESTABILITY = YES;
				GCC_C_LANGUAGE_STANDARD = gnu11;
				GCC_DYNAMIC_NO_PIC = NO;
				GCC_NO_COMMON_BLOCKS = YES;
				GCC_OPTIMIZATION_LEVEL = 0;
				GCC_PREPROCESSOR_DEFINITIONS = (
					"DEBUG=1",
					"$(inherited)",
				);
				GCC_WARN_64_TO_32_BIT_CONVERSION = YES;
				GCC_WARN_ABOUT_RETURN_TYPE = YES_ERROR;
				GCC_WARN_UNDECLARED_SELECTOR = YES;
				GCC_WARN_UNINITIALIZED_AUTOS = YES_AGGRESSIVE;
				GCC_WARN_UNUSED_FUNCTION = YES;
				GCC_WARN_UNUSED_VARIABLE = YES;
				IPHONEOS_DEPLOYMENT_TARGET = 16.4;
				MTL_ENABLE_DEBUG_INFO = INCLUDE_SOURCE;
				MTL_FAST_MATH = YES;
				ONLY_ACTIVE_ARCH = YES;
				SDKROOT = iphoneos;
				SWIFT_ACTIVE_COMPILATION_CONDITIONS = DEBUG;
				SWIFT_OPTIMIZATION_LEVEL = "-Onone";
			};
			name = Debug;
		};
		6F89E32A2A93526400420F1D /* Release */ = {
			isa = XCBuildConfiguration;
			buildSettings = {
				ALWAYS_SEARCH_USER_PATHS = NO;
				CLANG_ANALYZER_NONNULL = YES;
				CLANG_ANALYZER_NUMBER_OBJECT_CONVERSION = YES_AGGRESSIVE;
				CLANG_CXX_LANGUAGE_STANDARD = "gnu++20";
				CLANG_ENABLE_MODULES = YES;
				CLANG_ENABLE_OBJC_ARC = YES;
				CLANG_ENABLE_OBJC_WEAK = YES;
				CLANG_WARN_BLOCK_CAPTURE_AUTORELEASING = YES;
				CLANG_WARN_BOOL_CONVERSION = YES;
				CLANG_WARN_COMMA = YES;
				CLANG_WARN_CONSTANT_CONVERSION = YES;
				CLANG_WARN_DEPRECATED_OBJC_IMPLEMENTATIONS = YES;
				CLANG_WARN_DIRECT_OBJC_ISA_USAGE = YES_ERROR;
				CLANG_WARN_DOCUMENTATION_COMMENTS = YES;
				CLANG_WARN_EMPTY_BODY = YES;
				CLANG_WARN_ENUM_CONVERSION = YES;
				CLANG_WARN_INFINITE_RECURSION = YES;
				CLANG_WARN_INT_CONVERSION = YES;
				CLANG_WARN_NON_LITERAL_NULL_CONVERSION = YES;
				CLANG_WARN_OBJC_IMPLICIT_RETAIN_SELF = YES;
				CLANG_WARN_OBJC_LITERAL_CONVERSION = YES;
				CLANG_WARN_OBJC_ROOT_CLASS = YES_ERROR;
				CLANG_WARN_QUOTED_INCLUDE_IN_FRAMEWORK_HEADER = YES;
				CLANG_WARN_RANGE_LOOP_ANALYSIS = YES;
				CLANG_WARN_STRICT_PROTOTYPES = YES;
				CLANG_WARN_SUSPICIOUS_MOVE = YES;
				CLANG_WARN_UNGUARDED_AVAILABILITY = YES_AGGRESSIVE;
				CLANG_WARN_UNREACHABLE_CODE = YES;
				CLANG_WARN__DUPLICATE_METHOD_MATCH = YES;
				COPY_PHASE_STRIP = NO;
				DEBUG_INFORMATION_FORMAT = "dwarf-with-dsym";
				ENABLE_NS_ASSERTIONS = NO;
				ENABLE_STRICT_OBJC_MSGSEND = YES;
				GCC_C_LANGUAGE_STANDARD = gnu11;
				GCC_NO_COMMON_BLOCKS = YES;
				GCC_WARN_64_TO_32_BIT_CONVERSION = YES;
				GCC_WARN_ABOUT_RETURN_TYPE = YES_ERROR;
				GCC_WARN_UNDECLARED_SELECTOR = YES;
				GCC_WARN_UNINITIALIZED_AUTOS = YES_AGGRESSIVE;
				GCC_WARN_UNUSED_FUNCTION = YES;
				GCC_WARN_UNUSED_VARIABLE = YES;
				IPHONEOS_DEPLOYMENT_TARGET = 16.4;
				MTL_ENABLE_DEBUG_INFO = NO;
				MTL_FAST_MATH = YES;
				SDKROOT = iphoneos;
				SWIFT_COMPILATION_MODE = wholemodule;
				SWIFT_OPTIMIZATION_LEVEL = "-O";
				VALIDATE_PRODUCT = YES;
			};
			name = Release;
		};
		6F89E32C2A93526400420F1D /* Debug */ = {
			isa = XCBuildConfiguration;
			baseConfigurationReference = 911BD0F2E040E2D2B483F187 /* Pods-CTMediatorDemo.debug.xcconfig */;
			buildSettings = {
				ASSETCATALOG_COMPILER_APPICON_NAME = AppIcon;
				ASSETCATALOG_COMPILER_GLOBAL_ACCENT_COLOR_NAME = AccentColor;
				CODE_SIGN_STYLE = Automatic;
				CURRENT_PROJECT_VERSION = 1;
				DEVELOPMENT_TEAM = WK3VKXZZZM;
				GENERATE_INFOPLIST_FILE = YES;
				INFOPLIST_FILE = CTMediatorDemo/Info.plist;
				INFOPLIST_KEY_UIApplicationSupportsIndirectInputEvents = YES;
				INFOPLIST_KEY_UILaunchStoryboardName = Main.storyboard;
				INFOPLIST_KEY_UIMainStoryboardFile = Main;
				INFOPLIST_KEY_UISupportedInterfaceOrientations_iPad = "UIInterfaceOrientationPortrait UIInterfaceOrientationPortraitUpsideDown UIInterfaceOrientationLandscapeLeft UIInterfaceOrientationLandscapeRight";
				INFOPLIST_KEY_UISupportedInterfaceOrientations_iPhone = "UIInterfaceOrientationPortrait UIInterfaceOrientationLandscapeLeft UIInterfaceOrientationLandscapeRight";
				LD_RUNPATH_SEARCH_PATHS = (
					"$(inherited)",
					"@executable_path/Frameworks",
				);
				MARKETING_VERSION = 1.0;
				PRODUCT_BUNDLE_IDENTIFIER = yubin.com.CTMediatorDemo;
				PRODUCT_NAME = "$(TARGET_NAME)";
				SWIFT_EMIT_LOC_STRINGS = YES;
				SWIFT_VERSION = 5.0;
				TARGETED_DEVICE_FAMILY = "1,2";
			};
			name = Debug;
		};
		6F89E32D2A93526400420F1D /* Release */ = {
			isa = XCBuildConfiguration;
			baseConfigurationReference = AE4E9438F791AB545425BD30 /* Pods-CTMediatorDemo.release.xcconfig */;
			buildSettings = {
				ASSETCATALOG_COMPILER_APPICON_NAME = AppIcon;
				ASSETCATALOG_COMPILER_GLOBAL_ACCENT_COLOR_NAME = AccentColor;
				CODE_SIGN_STYLE = Automatic;
				CURRENT_PROJECT_VERSION = 1;
				DEVELOPMENT_TEAM = WK3VKXZZZM;
				GENERATE_INFOPLIST_FILE = YES;
				INFOPLIST_FILE = CTMediatorDemo/Info.plist;
				INFOPLIST_KEY_UIApplicationSupportsIndirectInputEvents = YES;
				INFOPLIST_KEY_UILaunchStoryboardName = Main.storyboard;
				INFOPLIST_KEY_UIMainStoryboardFile = Main;
				INFOPLIST_KEY_UISupportedInterfaceOrientations_iPad = "UIInterfaceOrientationPortrait UIInterfaceOrientationPortraitUpsideDown UIInterfaceOrientationLandscapeLeft UIInterfaceOrientationLandscapeRight";
				INFOPLIST_KEY_UISupportedInterfaceOrientations_iPhone = "UIInterfaceOrientationPortrait UIInterfaceOrientationLandscapeLeft UIInterfaceOrientationLandscapeRight";
				LD_RUNPATH_SEARCH_PATHS = (
					"$(inherited)",
					"@executable_path/Frameworks",
				);
				MARKETING_VERSION = 1.0;
				PRODUCT_BUNDLE_IDENTIFIER = yubin.com.CTMediatorDemo;
				PRODUCT_NAME = "$(TARGET_NAME)";
				SWIFT_EMIT_LOC_STRINGS = YES;
				SWIFT_VERSION = 5.0;
				TARGETED_DEVICE_FAMILY = "1,2";
			};
			name = Release;
		};
/* End XCBuildConfiguration section */

/* Begin XCConfigurationList section */
		6F89E3122A93526100420F1D /* Build configuration list for PBXProject "CTMediatorDemo" */ = {
			isa = XCConfigurationList;
			buildConfigurations = (
				6F89E3292A93526400420F1D /* Debug */,
				6F89E32A2A93526400420F1D /* Release */,
			);
			defaultConfigurationIsVisible = 0;
			defaultConfigurationName = Release;
		};
		6F89E32B2A93526400420F1D /* Build configuration list for PBXNativeTarget "CTMediatorDemo" */ = {
			isa = XCConfigurationList;
			buildConfigurations = (
				6F89E32C2A93526400420F1D /* Debug */,
				6F89E32D2A93526400420F1D /* Release */,
			);
			defaultConfigurationIsVisible = 0;
			defaultConfigurationName = Release;
		};
/* End XCConfigurationList section */
	};
	rootObject = 6F89E30F2A93526100420F1D /* Project object */;
}
